
Microsoft Visual Studio Solution File, Format Version 12.00
# Visual Studio 15
VisualStudioVersion = 15.0.28307.852
MinimumVisualStudioVersion = 10.0.40219.1
Project("{FAE04EC0-301F-11D3-BF4B-00C04F79EFBC}") = "Kolokwium_12022020", "Kolokwium_12022020\Kolokwium_12022020.csproj", "{45D09789-3B74-4F18-80B6-743E9FC54582}"
EndProject
Global
	GlobalSection(SolutionConfigurationPlatforms) = preSolution
		Debug|Any CPU = Debug|Any CPU
		Release|Any CPU = Release|Any CPU
	EndGlobalSection
	GlobalSection(ProjectConfigurationPlatforms) = postSolution
		{45D09789-3B74-4F18-80B6-743E9FC54582}.Debug|Any CPU.ActiveCfg = Debug|Any CPU
		{45D09789-3B74-4F18-80B6-743E9FC54582}.Debug|Any CPU.Build.0 = Debug|Any CPU
		{45D09789-3B74-4F18-80B6-743E9FC54582}.Release|Any CPU.ActiveCfg = Release|Any CPU
		{45D09789-3B74-4F18-80B6-743E9FC54582}.Release|Any CPU.Build.0 = Release|Any CPU
	EndGlobalSection
	GlobalSection(SolutionProperties) = preSolution
		HideSolutionNode = FALSE
	EndGlobalSection
	GlobalSection(ExtensibilityGlobals) = postSolution
		SolutionGuid = {60132C67-BFBC-4C96-A20F-0E5A23410F5C}
	EndGlobalSection
EndGlobal
